{
  "name": "ajs_work",
  "version": "1.0.0",
  "lockfileVersion": 2,
  "requires": true,
  "packages": {
    "": {
      "name": "ajs_work",
      "version": "1.0.0",
      "license": "ISC",
      "dependencies": {
        "@yrchek/ajs": "^1.0.0"
      }
    },
    "node_modules/@yrchek/ajs": {
      "version": "1.0.0",
      "resolved": "https://npm.pkg.github.com/download/@yrchek/ajs/1.0.0/18e731c80bd2273449e095490524cd1c23b4dd60",
      "integrity": "sha512-+U9mrO2GRMwmGjQjD2riqTfgV3FoY0O25tqWGp1+APQ/QNvpLs1RG0hYBUu88ZO6kOdB15CSYtshUNBeQWel5A==",
      "license": "ISC"
    }
  },
  "dependencies": {
    "@yrchek/ajs": {
      "version": "1.0.0",
      "resolved": "https://npm.pkg.github.com/download/@yrchek/ajs/1.0.0/18e731c80bd2273449e095490524cd1c23b4dd60",
      "integrity": "sha512-+U9mrO2GRMwmGjQjD2riqTfgV3FoY0O25tqWGp1+APQ/QNvpLs1RG0hYBUu88ZO6kOdB15CSYtshUNBeQWel5A=="
    }
  }
}
